
Microsoft Visual Studio Solution File, Format Version 12.00
# Visual Studio Version 17
VisualStudioVersion = 17.0.31903.59
MinimumVisualStudioVersion = 10.0.40219.1
Project("{FAE04EC0-301F-11D3-BF4B-00C04F79EFBC}") = "ColorApp", "ColorApp\ColorApp.csproj", "{AD96AACB-0BFF-42F8-A89C-DC2D2F5B5ED5}"
EndProject
Project("{FAE04EC0-301F-11D3-BF4B-00C04F79EFBC}") = "ColorLibrary", "ColorLibrary\ColorLibrary.csproj", "{CF885E70-2C9A-41F5-918C-146542FDD33A}"
EndProject
Global
	GlobalSection(SolutionConfigurationPlatforms) = preSolution
		Debug|Any CPU = Debug|Any CPU
		Release|Any CPU = Release|Any CPU
	EndGlobalSection
	GlobalSection(SolutionProperties) = preSolution
		HideSolutionNode = FALSE
	EndGlobalSection
	GlobalSection(ProjectConfigurationPlatforms) = postSolution
		{AD96AACB-0BFF-42F8-A89C-DC2D2F5B5ED5}.Debug|Any CPU.ActiveCfg = Debug|Any CPU
		{AD96AACB-0BFF-42F8-A89C-DC2D2F5B5ED5}.Debug|Any CPU.Build.0 = Debug|Any CPU
		{AD96AACB-0BFF-42F8-A89C-DC2D2F5B5ED5}.Release|Any CPU.ActiveCfg = Release|Any CPU
		{AD96AACB-0BFF-42F8-A89C-DC2D2F5B5ED5}.Release|Any CPU.Build.0 = Release|Any CPU
		{CF885E70-2C9A-41F5-918C-146542FDD33A}.Debug|Any CPU.ActiveCfg = Debug|Any CPU
		{CF885E70-2C9A-41F5-918C-146542FDD33A}.Debug|Any CPU.Build.0 = Debug|Any CPU
		{CF885E70-2C9A-41F5-918C-146542FDD33A}.Release|Any CPU.ActiveCfg = Release|Any CPU
		{CF885E70-2C9A-41F5-918C-146542FDD33A}.Release|Any CPU.Build.0 = Release|Any CPU
	EndGlobalSection
EndGlobal
